PODS:
  - flutter_screen_capture (2.0.1):
    - FlutterMacOS
  - flutter_volume_controller (0.0.1):
    - FlutterMacOS
  - FlutterMacOS (1.0.0)
  - gamepads_darwin (0.1.1):
    - FlutterMacOS
  - keypress_simulator_macos (0.0.1):
    - FlutterMacOS
  - local_network_permission (1.0.0):
    - Flutter
    - FlutterMacOS
  - media_key_detector_macos (0.0.1):
    - FlutterMacOS
  - multi_window_native (0.0.1):
    - FlutterMacOS
  - nsd_macos (0.0.1):
    - FlutterMacOS
  - screen_recorder (0.0.1):
    - FlutterMacOS
  - screen_retriever_macos (0.0.1):
    - FlutterMacOS
  - sign_in_with_apple (0.0.1):
    - FlutterMacOS

DEPENDENCIES:
  - flutter_screen_capture (from `Flutter/ephemeral/.symlinks/plugins/flutter_screen_capture/macos`)
  - flutter_volume_controller (from `Flutter/ephemeral/.symlinks/plugins/flutter_volume_controller/macos`)
  - FlutterMacOS (from `Flutter/ephemeral`)
  - gamepads_darwin (from `Flutter/ephemeral/.symlinks/plugins/gamepads_darwin/macos`)
  - keypress_simulator_macos (from `Flutter/ephemeral/.symlinks/plugins/keypress_simulator_macos/macos`)
  - local_network_permission (from `Flutter/ephemeral/.symlinks/plugins/local_network_permission/darwin`)
  - media_key_detector_macos (from `Flutter/ephemeral/.symlinks/plugins/media_key_detector_macos/macos`)
  - multi_window_native (from `Flutter/ephemeral/.symlinks/plugins/multi_window_native/macos`)
  - nsd_macos (from `Flutter/ephemeral/.symlinks/plugins/nsd_macos/macos`)
  - screen_recorder (from `Flutter/ephemeral/.symlinks/plugins/screen_recorder/macos`)
  - screen_retriever_macos (from `Flutter/ephemeral/.symlinks/plugins/screen_retriever_macos/macos`)
  - sign_in_with_apple (from `Flutter/ephemeral/.symlinks/plugins/sign_in_with_apple/macos`)

EXTERNAL SOURCES:
  flutter_screen_capture:
    :path: Flutter/ephemeral/.symlinks/plugins/flutter_screen_capture/macos
  flutter_volume_controller:
    :path: Flutter/ephemeral/.symlinks/plugins/flutter_volume_controller/macos
  FlutterMacOS:
    :path: Flutter/ephemeral
  gamepads_darwin:
    :path: Flutter/ephemeral/.symlinks/plugins/gamepads_darwin/macos
  keypress_simulator_macos:
    :path: Flutter/ephemeral/.symlinks/plugins/keypress_simulator_macos/macos
  local_network_permission:
    :path: Flutter/ephemeral/.symlinks/plugins/local_network_permission/darwin
  media_key_detector_macos:
    :path: Flutter/ephemeral/.symlinks/plugins/media_key_detector_macos/macos
  multi_window_native:
    :path: Flutter/ephemeral/.symlinks/plugins/multi_window_native/macos
  nsd_macos:
    :path: Flutter/ephemeral/.symlinks/plugins/nsd_macos/macos
  screen_recorder:
    :path: Flutter/ephemeral/.symlinks/plugins/screen_recorder/macos
  screen_retriever_macos:
    :path: Flutter/ephemeral/.symlinks/plugins/screen_retriever_macos/macos
  sign_in_with_apple:
    :path: Flutter/ephemeral/.symlinks/plugins/sign_in_with_apple/macos

SPEC CHECKSUMS:
  flutter_screen_capture: d089a2204161f1a0f9afb6fbb992a47f3db05f45
  flutter_volume_controller: ae08bf0838e4901f299781c3ab5056dfab0c2f74
  FlutterMacOS: c232990155153907050900a2e175c7773903ba4e
  gamepads_darwin: 643b6a69e20ca678fae83781b7f7fc8f15f5d710
  keypress_simulator_macos: b5c87294b03ab5a2e743873a7dabe1ff5589129d
  local_network_permission: 888f0fc169e820dff9137aa77b69fd4624485979
  media_key_detector_macos: f2fecf51b0cc30d6e2e4605410ae5602ff067ed8
  multi_window_native: 090b0376429681c0ea21fee77f0a33c437d36fed
  nsd_macos: a472240e770b92f6c6df1022403aa29c90d012e3
  screen_recorder: b1a6a675694fd381a2aa66c56360a08416d70224
  screen_retriever_macos: 452e51764a9e1cdb74b3c541238795849f21557f
  sign_in_with_apple: 6673c03c9e3643f6c8d33601943fbfa9ae99f94e

PODFILE CHECKSUM: 0fb45929fd801f111c1e68cc98ccc2d06ac5e49e

COCOAPODS: 1.16.2
